
Microsoft Visual Studio Solution File, Format Version 12.00
# Visual Studio 14
VisualStudioVersion = 14.0.24720.0
MinimumVisualStudioVersion = 10.0.40219.1
Project("{8BC9CEB8-8B4A-11D0-8D11-00A0C91BC942}") = "00 - Empty Project", "00 - Empty Project\00 - Empty Project.vcxproj", "{9D37719D-2D64-44A6-8247-342B92D4A228}"
EndProject
Project("{8BC9CEB8-8B4A-11D0-8D11-00A0C91BC942}") = "03 - Host Window", "03 - Host Window\03 - Host Window.vcxproj", "{55D6565C-D542-464B-9485-FA681672B4D8}"
EndProject
Project("{8BC9CEB8-8B4A-11D0-8D11-00A0C91BC942}") = "03 - Host Window App", "04 - Host Window App\04 - Host Window App.vcxproj", "{98846D11-7687-4106-8BCB-F4B232817496}"
EndProject
Project("{8BC9CEB8-8B4A-11D0-8D11-00A0C91BC942}") = "05 - D3D11 Core", "05 - D3D11 Core\05 - D3D11 Core.vcxproj", "{1FEB782B-C79E-4A6D-BE07-D1E0787A75C9}"
EndProject
Project("{8BC9CEB8-8B4A-11D0-8D11-00A0C91BC942}") = "06 - D3D11 Core App", "06 - D3D11 Core App\06 - D3D11 Core App.vcxproj", "{1E552DF3-F423-4528-9F91-6B9F9DE64332}"
EndProject
Project("{8BC9CEB8-8B4A-11D0-8D11-00A0C91BC942}") = "07 - D3D11 Basic Drawing", "07 - D3D11 Basic Drawing\07 - D3D11 Basic Drawing.vcxproj", "{A4224B45-BB3A-4654-B1B9-5DA8610140A7}"
EndProject
Project("{8BC9CEB8-8B4A-11D0-8D11-00A0C91BC942}") = "08 - D3D11 Procedural Mesh", "08 - D3D11 Procedural Mesh\08 - D3D11 Procedural Mesh.vcxproj", "{E08839CE-2DCA-4739-8729-37E73A3B83C9}"
EndProject
Project("{8BC9CEB8-8B4A-11D0-8D11-00A0C91BC942}") = "01 - Logging Lib", "01 - Logging Lib\01 - Logging Lib.vcxproj", "{C549347E-282A-408D-9557-5F7959D387F1}"
EndProject
Project("{8BC9CEB8-8B4A-11D0-8D11-00A0C91BC942}") = "02 - Common", "02 - Common\02 - Common.vcxproj", "{2DBC218A-D0DF-4802-A38F-6380CEB46247}"
EndProject
Project("{8BC9CEB8-8B4A-11D0-8D11-00A0C91BC942}") = "09 - D3D11 Combined Geometry Buffers", "09 - D3D11 Combined Geometry Buffers\09 - D3D11 Combined Geometry Buffers.vcxproj", "{755ED472-B9CD-44B9-B50B-EAD399A57C01}"
EndProject
Global
	GlobalSection(SolutionConfigurationPlatforms) = preSolution
		Debug|Win32 = Debug|Win32
		Debug|x64 = Debug|x64
		Release|Win32 = Release|Win32
		Release|x64 = Release|x64
	EndGlobalSection
	GlobalSection(ProjectConfigurationPlatforms) = postSolution
		{9D37719D-2D64-44A6-8247-342B92D4A228}.Debug|Win32.ActiveCfg = Debug|Win32
		{9D37719D-2D64-44A6-8247-342B92D4A228}.Debug|Win32.Build.0 = Debug|Win32
		{9D37719D-2D64-44A6-8247-342B92D4A228}.Debug|x64.ActiveCfg = Debug|Win32
		{9D37719D-2D64-44A6-8247-342B92D4A228}.Release|Win32.ActiveCfg = Release|Win32
		{9D37719D-2D64-44A6-8247-342B92D4A228}.Release|Win32.Build.0 = Release|Win32
		{9D37719D-2D64-44A6-8247-342B92D4A228}.Release|x64.ActiveCfg = Release|Win32
		{55D6565C-D542-464B-9485-FA681672B4D8}.Debug|Win32.ActiveCfg = Debug|Win32
		{55D6565C-D542-464B-9485-FA681672B4D8}.Debug|Win32.Build.0 = Debug|Win32
		{55D6565C-D542-464B-9485-FA681672B4D8}.Debug|x64.ActiveCfg = Debug|Win32
		{55D6565C-D542-464B-9485-FA681672B4D8}.Release|Win32.ActiveCfg = Release|Win32
		{55D6565C-D542-464B-9485-FA681672B4D8}.Release|Win32.Build.0 = Release|Win32
		{55D6565C-D542-464B-9485-FA681672B4D8}.Release|x64.ActiveCfg = Release|Win32
		{98846D11-7687-4106-8BCB-F4B232817496}.Debug|Win32.ActiveCfg = Debug|Win32
		{98846D11-7687-4106-8BCB-F4B232817496}.Debug|Win32.Build.0 = Debug|Win32
		{98846D11-7687-4106-8BCB-F4B232817496}.Debug|x64.ActiveCfg = Debug|Win32
		{98846D11-7687-4106-8BCB-F4B232817496}.Release|Win32.ActiveCfg = Release|Win32
		{98846D11-7687-4106-8BCB-F4B232817496}.Release|Win32.Build.0 = Release|Win32
		{98846D11-7687-4106-8BCB-F4B232817496}.Release|x64.ActiveCfg = Release|Win32
		{1FEB782B-C79E-4A6D-BE07-D1E0787A75C9}.Debug|Win32.ActiveCfg = Debug|Win32
		{1FEB782B-C79E-4A6D-BE07-D1E0787A75C9}.Debug|Win32.Build.0 = Debug|Win32
		{1FEB782B-C79E-4A6D-BE07-D1E0787A75C9}.Debug|x64.ActiveCfg = Debug|Win32
		{1FEB782B-C79E-4A6D-BE07-D1E0787A75C9}.Release|Win32.ActiveCfg = Release|Win32
		{1FEB782B-C79E-4A6D-BE07-D1E0787A75C9}.Release|Win32.Build.0 = Release|Win32
		{1FEB782B-C79E-4A6D-BE07-D1E0787A75C9}.Release|x64.ActiveCfg = Release|Win32
		{1E552DF3-F423-4528-9F91-6B9F9DE64332}.Debug|Win32.ActiveCfg = Debug|Win32
		{1E552DF3-F423-4528-9F91-6B9F9DE64332}.Debug|Win32.Build.0 = Debug|Win32
		{1E552DF3-F423-4528-9F91-6B9F9DE64332}.Debug|x64.ActiveCfg = Debug|Win32
		{1E552DF3-F423-4528-9F91-6B9F9DE64332}.Release|Win32.ActiveCfg = Release|Win32
		{1E552DF3-F423-4528-9F91-6B9F9DE64332}.Release|Win32.Build.0 = Release|Win32
		{1E552DF3-F423-4528-9F91-6B9F9DE64332}.Release|x64.ActiveCfg = Release|Win32
		{A4224B45-BB3A-4654-B1B9-5DA8610140A7}.Debug|Win32.ActiveCfg = Debug|Win32
		{A4224B45-BB3A-4654-B1B9-5DA8610140A7}.Debug|Win32.Build.0 = Debug|Win32
		{A4224B45-BB3A-4654-B1B9-5DA8610140A7}.Debug|x64.ActiveCfg = Debug|Win32
		{A4224B45-BB3A-4654-B1B9-5DA8610140A7}.Release|Win32.ActiveCfg = Release|Win32
		{A4224B45-BB3A-4654-B1B9-5DA8610140A7}.Release|Win32.Build.0 = Release|Win32
		{A4224B45-BB3A-4654-B1B9-5DA8610140A7}.Release|x64.ActiveCfg = Release|Win32
		{E08839CE-2DCA-4739-8729-37E73A3B83C9}.Debug|Win32.ActiveCfg = Debug|Win32
		{E08839CE-2DCA-4739-8729-37E73A3B83C9}.Debug|Win32.Build.0 = Debug|Win32
		{E08839CE-2DCA-4739-8729-37E73A3B83C9}.Debug|x64.ActiveCfg = Debug|Win32
		{E08839CE-2DCA-4739-8729-37E73A3B83C9}.Release|Win32.ActiveCfg = Release|Win32
		{E08839CE-2DCA-4739-8729-37E73A3B83C9}.Release|Win32.Build.0 = Release|Win32
		{E08839CE-2DCA-4739-8729-37E73A3B83C9}.Release|x64.ActiveCfg = Release|Win32
		{C549347E-282A-408D-9557-5F7959D387F1}.Debug|Win32.ActiveCfg = Debug|Win32
		{C549347E-282A-408D-9557-5F7959D387F1}.Debug|Win32.Build.0 = Debug|Win32
		{C549347E-282A-408D-9557-5F7959D387F1}.Debug|x64.ActiveCfg = Debug|Win32
		{C549347E-282A-408D-9557-5F7959D387F1}.Release|Win32.ActiveCfg = Release|Win32
		{C549347E-282A-408D-9557-5F7959D387F1}.Release|Win32.Build.0 = Release|Win32
		{C549347E-282A-408D-9557-5F7959D387F1}.Release|x64.ActiveCfg = Release|Win32
		{2DBC218A-D0DF-4802-A38F-6380CEB46247}.Debug|Win32.ActiveCfg = Debug|Win32
		{2DBC218A-D0DF-4802-A38F-6380CEB46247}.Debug|Win32.Build.0 = Debug|Win32
		{2DBC218A-D0DF-4802-A38F-6380CEB46247}.Debug|x64.ActiveCfg = Debug|Win32
		{2DBC218A-D0DF-4802-A38F-6380CEB46247}.Release|Win32.ActiveCfg = Release|Win32
		{2DBC218A-D0DF-4802-A38F-6380CEB46247}.Release|Win32.Build.0 = Release|Win32
		{2DBC218A-D0DF-4802-A38F-6380CEB46247}.Release|x64.ActiveCfg = Release|Win32
		{755ED472-B9CD-44B9-B50B-EAD399A57C01}.Debug|Win32.ActiveCfg = Debug|Win32
		{755ED472-B9CD-44B9-B50B-EAD399A57C01}.Debug|Win32.Build.0 = Debug|Win32
		{755ED472-B9CD-44B9-B50B-EAD399A57C01}.Debug|x64.ActiveCfg = Debug|Win32
		{755ED472-B9CD-44B9-B50B-EAD399A57C01}.Release|Win32.ActiveCfg = Release|Win32
		{755ED472-B9CD-44B9-B50B-EAD399A57C01}.Release|Win32.Build.0 = Release|Win32
		{755ED472-B9CD-44B9-B50B-EAD399A57C01}.Release|x64.ActiveCfg = Release|Win32
	EndGlobalSection
	GlobalSection(SolutionProperties) = preSolution
		HideSolutionNode = FALSE
	EndGlobalSection
EndGlobal
